// !$*UTF8*$!
{
	archiveVersion = 1;
	classes = {
	};
	objectVersion = 51;
	objects = {

/* Begin PBXBuildFile section */
		035CF44186FD3F48A7CCA084 /* Pods_Movietastic_MovietasticUITests.framework in Frameworks */ = {isa = PBXBuildFile; fileRef = 75D2B74BE1ADA0089EA7D72F /* Pods_Movietastic_MovietasticUITests.framework */; };
		56D5F0C4E004D07DD2BA8AB0 /* Pods_MovietasticTests.framework in Frameworks */ = {isa = PBXBuildFile; fileRef = E0C31F7AC34528A2D11A2488 /* Pods_MovietasticTests.framework */; };
		70D757734351D6299E6400AB /* Pods_Movietastic.framework in Frameworks */ = {isa = PBXBuildFile; fileRef = AC43606CEF5266CEBB45E62E /* Pods_Movietastic.framework */; };
		765397532525BDBD00632100 /* NetworkingClient.swift in Sources */ = {isa = PBXBuildFile; fileRef = 765397522525BDBD00632100 /* NetworkingClient.swift */; };
		7653975F2525D9BF00632100 /* MovieModel.swift in Sources */ = {isa = PBXBuildFile; fileRef = 7653975E2525D9BF00632100 /* MovieModel.swift */; };
		765397642525D9CE00632100 /* MovieService.swift in Sources */ = {isa = PBXBuildFile; fileRef = 765397632525D9CE00632100 /* MovieService.swift */; };
		765B3BDB2525A1AC00E04A5F /* AppDelegate.swift in Sources */ = {isa = PBXBuildFile; fileRef = 765B3BDA2525A1AC00E04A5F /* AppDelegate.swift */; };
		765B3BDD2525A1AC00E04A5F /* SceneDelegate.swift in Sources */ = {isa = PBXBuildFile; fileRef = 765B3BDC2525A1AC00E04A5F /* SceneDelegate.swift */; };
		765B3BE22525A1AC00E04A5F /* Main.storyboard in Resources */ = {isa = PBXBuildFile; fileRef = 765B3BE02525A1AC00E04A5F /* Main.storyboard */; };
		765B3BE52525A1AC00E04A5F /* Movietastic.xcdatamodeld in Sources */ = {isa = PBXBuildFile; fileRef = 765B3BE32525A1AC00E04A5F /* Movietastic.xcdatamodeld */; };
		765B3BE72525A1AE00E04A5F /* Assets.xcassets in Resources */ = {isa = PBXBuildFile; fileRef = 765B3BE62525A1AE00E04A5F /* Assets.xcassets */; };
		765B3BEA2525A1AE00E04A5F /* LaunchScreen.storyboard in Resources */ = {isa = PBXBuildFile; fileRef = 765B3BE82525A1AE00E04A5F /* LaunchScreen.storyboard */; };
		765B3BF52525A1AE00E04A5F /* MovietasticTests.swift in Sources */ = {isa = PBXBuildFile; fileRef = 765B3BF42525A1AE00E04A5F /* MovietasticTests.swift */; };
		765B3C002525A1AE00E04A5F /* MovietasticUITests.swift in Sources */ = {isa = PBXBuildFile; fileRef = 765B3BFF2525A1AE00E04A5F /* MovietasticUITests.swift */; };
		765B3C142525A23100E04A5F /* LaunchScreenViewController.swift in Sources */ = {isa = PBXBuildFile; fileRef = 765B3C132525A23100E04A5F /* LaunchScreenViewController.swift */; };
		765B3C192525A2B500E04A5F /* MovieListViewController.swift in Sources */ = {isa = PBXBuildFile; fileRef = 765B3C182525A2B500E04A5F /* MovieListViewController.swift */; };
		765B3C252525A3EF00E04A5F /* MovieListViewModel.swift in Sources */ = {isa = PBXBuildFile; fileRef = 765B3C242525A3EF00E04A5F /* MovieListViewModel.swift */; };
		765B3C2A2525A40400E04A5F /* LaunchScreenViewModel.swift in Sources */ = {isa = PBXBuildFile; fileRef = 765B3C292525A40400E04A5F /* LaunchScreenViewModel.swift */; };
		766ECD7A2527341B00DE6FEE /* NSManagedObject+EXT.swift in Sources */ = {isa = PBXBuildFile; fileRef = 766ECD792527341B00DE6FEE /* NSManagedObject+EXT.swift */; };
		7675DFB525264E8A00C4921D /* CustomError.swift in Sources */ = {isa = PBXBuildFile; fileRef = 7675DFB425264E8A00C4921D /* CustomError.swift */; };
		7675DFD825265A9400C4921D /* Rating+CoreDataClass.swift in Sources */ = {isa = PBXBuildFile; fileRef = 7675DFD425265A9400C4921D /* Rating+CoreDataClass.swift */; };
		7675DFD925265A9400C4921D /* Rating+CoreDataProperties.swift in Sources */ = {isa = PBXBuildFile; fileRef = 7675DFD525265A9400C4921D /* Rating+CoreDataProperties.swift */; };
		7675DFDA25265A9400C4921D /* Movie+CoreDataClass.swift in Sources */ = {isa = PBXBuildFile; fileRef = 7675DFD625265A9400C4921D /* Movie+CoreDataClass.swift */; };
		7675DFDB25265A9400C4921D /* Movie+CoreDataProperties.swift in Sources */ = {isa = PBXBuildFile; fileRef = 7675DFD725265A9400C4921D /* Movie+CoreDataProperties.swift */; };
		76901BEB25289C610063D991 /* Date+EXT.swift in Sources */ = {isa = PBXBuildFile; fileRef = 76901BEA25289C610063D991 /* Date+EXT.swift */; };
		76901C1D2528AF370063D991 /* MovieListCollectionViewCell.swift in Sources */ = {isa = PBXBuildFile; fileRef = 76901C1B2528AF370063D991 /* MovieListCollectionViewCell.swift */; };
		76901C1E2528AF370063D991 /* MovieListCollectionViewCell.xib in Resources */ = {isa = PBXBuildFile; fileRef = 76901C1C2528AF370063D991 /* MovieListCollectionViewCell.xib */; };
		76901C2E2528EB8F0063D991 /* MovieDetailViewController.swift in Sources */ = {isa = PBXBuildFile; fileRef = 76901C2D2528EB8F0063D991 /* MovieDetailViewController.swift */; };
		76901C362528EBA10063D991 /* MovieDetailViewModel.swift in Sources */ = {isa = PBXBuildFile; fileRef = 76901C352528EBA10063D991 /* MovieDetailViewModel.swift */; };
		76901C55252901F10063D991 /* MovieSearchViewController.swift in Sources */ = {isa = PBXBuildFile; fileRef = 76901C54252901F10063D991 /* MovieSearchViewController.swift */; };
		76901C5D252902050063D991 /* MovieSearchViewModel.swift in Sources */ = {isa = PBXBuildFile; fileRef = 76901C5C252902050063D991 /* MovieSearchViewModel.swift */; };
		76901C68252908930063D991 /* MovieSearchTableViewCell.swift in Sources */ = {isa = PBXBuildFile; fileRef = 76901C66252908930063D991 /* MovieSearchTableViewCell.swift */; };
		76901C69252908930063D991 /* MovieSearchTableViewCell.xib in Resources */ = {isa = PBXBuildFile; fileRef = 76901C67252908930063D991 /* MovieSearchTableViewCell.xib */; };
		76901CCB25294C910063D991 /* BaseViewController.swift in Sources */ = {isa = PBXBuildFile; fileRef = 76901CCA25294C910063D991 /* BaseViewController.swift */; };
		76901CD425294E420063D991 /* main.json in Resources */ = {isa = PBXBuildFile; fileRef = 76901CD225294E420063D991 /* main.json */; };
/* End PBXBuildFile section */

/* Begin PBXContainerItemProxy section */
		765B3BF12525A1AE00E04A5F /* PBXContainerItemProxy */ = {
			isa = PBXContainerItemProxy;
			containerPortal = 765B3BCF2525A1AC00E04A5F /* Project object */;
			proxyType = 1;
			remoteGlobalIDString = 765B3BD62525A1AC00E04A5F;
			remoteInfo = Movietastic;
		};
		765B3BFC2525A1AE00E04A5F /* PBXContainerItemProxy */ = {
			isa = PBXContainerItemProxy;
			containerPortal = 765B3BCF2525A1AC00E04A5F /* Project object */;
			proxyType = 1;
			remoteGlobalIDString = 765B3BD62525A1AC00E04A5F;
			remoteInfo = Movietastic;
		};
/* End PBXContainerItemProxy section */

/* Begin PBXFileReference section */
		47EBEE68425E8955195C5CFD /* Pods-Movietastic-MovietasticUITests.debug.xcconfig */ = {isa = PBXFileReference; includeInIndex = 1; lastKnownFileType = text.xcconfig; name = "Pods-Movietastic-MovietasticUITests.debug.xcconfig"; path = "Target Support Files/Pods-Movietastic-MovietasticUITests/Pods-Movietastic-MovietasticUITests.debug.xcconfig"; sourceTree = "<group>"; };
		75D2B74BE1ADA0089EA7D72F /* Pods_Movietastic_MovietasticUITests.framework */ = {isa = PBXFileReference; explicitFileType = wrapper.framework; includeInIndex = 0; path = Pods_Movietastic_MovietasticUITests.framework; sourceTree = BUILT_PRODUCTS_DIR; };
		765397522525BDBD00632100 /* NetworkingClient.swift */ = {isa = PBXFileReference; lastKnownFileType = sourcecode.swift; path = NetworkingClient.swift; sourceTree = "<group>"; };
		7653975E2525D9BF00632100 /* MovieModel.swift */ = {isa = PBXFileReference; lastKnownFileType = sourcecode.swift; path = MovieModel.swift; sourceTree = "<group>"; };
		765397632525D9CE00632100 /* MovieService.swift */ = {isa = PBXFileReference; lastKnownFileType = sourcecode.swift; path = MovieService.swift; sourceTree = "<group>"; };
		765B3BD72525A1AC00E04A5F /* Movietastic.app */ = {isa = PBXFileReference; explicitFileType = wrapper.application; includeInIndex = 0; path = Movietastic.app; sourceTree = BUILT_PRODUCTS_DIR; };
		765B3BDA2525A1AC00E04A5F /* AppDelegate.swift */ = {isa = PBXFileReference; lastKnownFileType = sourcecode.swift; path = AppDelegate.swift; sourceTree = "<group>"; };
		765B3BDC2525A1AC00E04A5F /* SceneDelegate.swift */ = {isa = PBXFileReference; lastKnownFileType = sourcecode.swift; path = SceneDelegate.swift; sourceTree = "<group>"; };
		765B3BE12525A1AC00E04A5F /* Base */ = {isa = PBXFileReference; lastKnownFileType = file.storyboard; name = Base; path = Base.lproj/Main.storyboard; sourceTree = "<group>"; };
		765B3BE42525A1AC00E04A5F /* Movietastic.xcdatamodel */ = {isa = PBXFileReference; lastKnownFileType = wrapper.xcdatamodel; path = Movietastic.xcdatamodel; sourceTree = "<group>"; };
		765B3BE62525A1AE00E04A5F /* Assets.xcassets */ = {isa = PBXFileReference; lastKnownFileType = folder.assetcatalog; path = Assets.xcassets; sourceTree = "<group>"; };
		765B3BE92525A1AE00E04A5F /* Base */ = {isa = PBXFileReference; lastKnownFileType = file.storyboard; name = Base; path = Base.lproj/LaunchScreen.storyboard; sourceTree = "<group>"; };
		765B3BEB2525A1AE00E04A5F /* Info.plist */ = {isa = PBXFileReference; lastKnownFileType = text.plist.xml; path = Info.plist; sourceTree = "<group>"; };
		765B3BF02525A1AE00E04A5F /* MovietasticTests.xctest */ = {isa = PBXFileReference; explicitFileType = wrapper.cfbundle; includeInIndex = 0; path = MovietasticTests.xctest; sourceTree = BUILT_PRODUCTS_DIR; };
		765B3BF42525A1AE00E04A5F /* MovietasticTests.swift */ = {isa = PBXFileReference; lastKnownFileType = sourcecode.swift; path = MovietasticTests.swift; sourceTree = "<group>"; };
		765B3BF62525A1AE00E04A5F /* Info.plist */ = {isa = PBXFileReference; lastKnownFileType = text.plist.xml; path = Info.plist; sourceTree = "<group>"; };
		765B3BFB2525A1AE00E04A5F /* MovietasticUITests.xctest */ = {isa = PBXFileReference; explicitFileType = wrapper.cfbundle; includeInIndex = 0; path = MovietasticUITests.xctest; sourceTree = BUILT_PRODUCTS_DIR; };
		765B3BFF2525A1AE00E04A5F /* MovietasticUITests.swift */ = {isa = PBXFileReference; lastKnownFileType = sourcecode.swift; path = MovietasticUITests.swift; sourceTree = "<group>"; };
		765B3C012525A1AE00E04A5F /* Info.plist */ = {isa = PBXFileReference; lastKnownFileType = text.plist.xml; path = Info.plist; sourceTree = "<group>"; };
		765B3C132525A23100E04A5F /* LaunchScreenViewController.swift */ = {isa = PBXFileReference; lastKnownFileType = sourcecode.swift; path = LaunchScreenViewController.swift; sourceTree = "<group>"; };
		765B3C182525A2B500E04A5F /* MovieListViewController.swift */ = {isa = PBXFileReference; lastKnownFileType = sourcecode.swift; path = MovieListViewController.swift; sourceTree = "<group>"; };
		765B3C242525A3EF00E04A5F /* MovieListViewModel.swift */ = {isa = PBXFileReference; lastKnownFileType = sourcecode.swift; path = MovieListViewModel.swift; sourceTree = "<group>"; };
		765B3C292525A40400E04A5F /* LaunchScreenViewModel.swift */ = {isa = PBXFileReference; lastKnownFileType = sourcecode.swift; path = LaunchScreenViewModel.swift; sourceTree = "<group>"; };
		766ECD792527341B00DE6FEE /* NSManagedObject+EXT.swift */ = {isa = PBXFileReference; lastKnownFileType = sourcecode.swift; path = "NSManagedObject+EXT.swift"; sourceTree = "<group>"; };
		7675DFB425264E8A00C4921D /* CustomError.swift */ = {isa = PBXFileReference; lastKnownFileType = sourcecode.swift; path = CustomError.swift; sourceTree = "<group>"; };
		7675DFD425265A9400C4921D /* Rating+CoreDataClass.swift */ = {isa = PBXFileReference; lastKnownFileType = sourcecode.swift; name = "Rating+CoreDataClass.swift"; path = "DataModelClasses/Rating+CoreDataClass.swift"; sourceTree = "<group>"; };
		7675DFD525265A9400C4921D /* Rating+CoreDataProperties.swift */ = {isa = PBXFileReference; lastKnownFileType = sourcecode.swift; name = "Rating+CoreDataProperties.swift"; path = "DataModelClasses/Rating+CoreDataProperties.swift"; sourceTree = "<group>"; };
		7675DFD625265A9400C4921D /* Movie+CoreDataClass.swift */ = {isa = PBXFileReference; lastKnownFileType = sourcecode.swift; name = "Movie+CoreDataClass.swift"; path = "DataModelClasses/Movie+CoreDataClass.swift"; sourceTree = "<group>"; };
		7675DFD725265A9400C4921D /* Movie+CoreDataProperties.swift */ = {isa = PBXFileReference; lastKnownFileType = sourcecode.swift; name = "Movie+CoreDataProperties.swift"; path = "DataModelClasses/Movie+CoreDataProperties.swift"; sourceTree = "<group>"; };
		76901BEA25289C610063D991 /* Date+EXT.swift */ = {isa = PBXFileReference; lastKnownFileType = sourcecode.swift; path = "Date+EXT.swift"; sourceTree = "<group>"; };
		76901C1B2528AF370063D991 /* MovieListCollectionViewCell.swift */ = {isa = PBXFileReference; lastKnownFileType = sourcecode.swift; path = MovieListCollectionViewCell.swift; sourceTree = "<group>"; };
		76901C1C2528AF370063D991 /* MovieListCollectionViewCell.xib */ = {isa = PBXFileReference; lastKnownFileType = file.xib; path = MovieListCollectionViewCell.xib; sourceTree = "<group>"; };
		76901C2D2528EB8F0063D991 /* MovieDetailViewController.swift */ = {isa = PBXFileReference; lastKnownFileType = sourcecode.swift; path = MovieDetailViewController.swift; sourceTree = "<group>"; };
		76901C352528EBA10063D991 /* MovieDetailViewModel.swift */ = {isa = PBXFileReference; lastKnownFileType = sourcecode.swift; path = MovieDetailViewModel.swift; sourceTree = "<group>"; };
		76901C54252901F10063D991 /* MovieSearchViewController.swift */ = {isa = PBXFileReference; lastKnownFileType = sourcecode.swift; path = MovieSearchViewController.swift; sourceTree = "<group>"; };
		76901C5C252902050063D991 /* MovieSearchViewModel.swift */ = {isa = PBXFileReference; lastKnownFileType = sourcecode.swift; path = MovieSearchViewModel.swift; sourceTree = "<group>"; };
		76901C66252908930063D991 /* MovieSearchTableViewCell.swift */ = {isa = PBXFileReference; lastKnownFileType = sourcecode.swift; path = MovieSearchTableViewCell.swift; sourceTree = "<group>"; };
		76901C67252908930063D991 /* MovieSearchTableViewCell.xib */ = {isa = PBXFileReference; lastKnownFileType = file.xib; path = MovieSearchTableViewCell.xib; sourceTree = "<group>"; };
		76901CCA25294C910063D991 /* BaseViewController.swift */ = {isa = PBXFileReference; lastKnownFileType = sourcecode.swift; path = BaseViewController.swift; sourceTree = "<group>"; };
		76901CD225294E420063D991 /* main.json */ = {isa = PBXFileReference; fileEncoding = 4; lastKnownFileType = text.json; path = main.json; sourceTree = "<group>"; };
		8994A4CBEABE1F7090188E5C /* Pods-MovietasticTests.debug.xcconfig */ = {isa = PBXFileReference; includeInIndex = 1; lastKnownFileType = text.xcconfig; name = "Pods-MovietasticTests.debug.xcconfig"; path = "Target Support Files/Pods-MovietasticTests/Pods-MovietasticTests.debug.xcconfig"; sourceTree = "<group>"; };
		AC43606CEF5266CEBB45E62E /* Pods_Movietastic.framework */ = {isa = PBXFileReference; explicitFileType = wrapper.framework; includeInIndex = 0; path = Pods_Movietastic.framework; sourceTree = BUILT_PRODUCTS_DIR; };
		B56E375D74BE48EBF68CF4A0 /* Pods-Movietastic-MovietasticUITests.release.xcconfig */ = {isa = PBXFileReference; includeInIndex = 1; lastKnownFileType = text.xcconfig; name = "Pods-Movietastic-MovietasticUITests.release.xcconfig"; path = "Target Support Files/Pods-Movietastic-MovietasticUITests/Pods-Movietastic-MovietasticUITests.release.xcconfig"; sourceTree = "<group>"; };
		C0B5497A721EC4E6D53E1EB4 /* Pods-MovietasticTests.release.xcconfig */ = {isa = PBXFileReference; includeInIndex = 1; lastKnownFileType = text.xcconfig; name = "Pods-MovietasticTests.release.xcconfig"; path = "Target Support Files/Pods-MovietasticTests/Pods-MovietasticTests.release.xcconfig"; sourceTree = "<group>"; };
		CAD2F47C5889FCC143B0B6DC /* Pods-Movietastic.release.xcconfig */ = {isa = PBXFileReference; includeInIndex = 1; lastKnownFileType = text.xcconfig; name = "Pods-Movietastic.release.xcconfig"; path = "Target Support Files/Pods-Movietastic/Pods-Movietastic.release.xcconfig"; sourceTree = "<group>"; };
		E0C31F7AC34528A2D11A2488 /* Pods_MovietasticTests.framework */ = {isa = PBXFileReference; explicitFileType = wrapper.framework; includeInIndex = 0; path = Pods_MovietasticTests.framework; sourceTree = BUILT_PRODUCTS_DIR; };
		EF2AFC97C0AC9FAE041F965D /* Pods-Movietastic.debug.xcconfig */ = {isa = PBXFileReference; includeInIndex = 1; lastKnownFileType = text.xcconfig; name = "Pods-Movietastic.debug.xcconfig"; path = "Target Support Files/Pods-Movietastic/Pods-Movietastic.debug.xcconfig"; sourceTree = "<group>"; };
/* End PBXFileReference section */

/* Begin PBXFrameworksBuildPhase section */
		765B3BD42525A1AC00E04A5F /* Frameworks */ = {
			isa = PBXFrameworksBuildPhase;
			buildActionMask = 2147483647;
			files = (
				70D757734351D6299E6400AB /* Pods_Movietastic.framework in Frameworks */,
			);
			runOnlyForDeploymentPostprocessing = 0;
		};
		765B3BED2525A1AE00E04A5F /* Frameworks */ = {
			isa = PBXFrameworksBuildPhase;
			buildActionMask = 2147483647;
			files = (
				56D5F0C4E004D07DD2BA8AB0 /* Pods_MovietasticTests.framework in Frameworks */,
			);
			runOnlyForDeploymentPostprocessing = 0;
		};
		765B3BF82525A1AE00E04A5F /* Frameworks */ = {
			isa = PBXFrameworksBuildPhase;
			buildActionMask = 2147483647;
			files = (
				035CF44186FD3F48A7CCA084 /* Pods_Movietastic_MovietasticUITests.framework in Frameworks */,
			);
			runOnlyForDeploymentPostprocessing = 0;
		};
/* End PBXFrameworksBuildPhase section */

/* Begin PBXGroup section */
		5EBEFF9215864B613CF235D8 /* Frameworks */ = {
			isa = PBXGroup;
			children = (
				AC43606CEF5266CEBB45E62E /* Pods_Movietastic.framework */,
				75D2B74BE1ADA0089EA7D72F /* Pods_Movietastic_MovietasticUITests.framework */,
				E0C31F7AC34528A2D11A2488 /* Pods_MovietasticTests.framework */,
			);
			name = Frameworks;
			sourceTree = "<group>";
		};
		765397572525D76D00632100 /* Network */ = {
			isa = PBXGroup;
			children = (
				765397522525BDBD00632100 /* NetworkingClient.swift */,
				7675DFB425264E8A00C4921D /* CustomError.swift */,
			);
			path = Network;
			sourceTree = "<group>";
		};
		765397582525D78400632100 /* Model */ = {
			isa = PBXGroup;
			children = (
				7653976D2525DE9700632100 /* DataModel */,
				7653975D2525D9AF00632100 /* Movie */,
			);
			path = Model;
			sourceTree = "<group>";
		};
		7653975D2525D9AF00632100 /* Movie */ = {
			isa = PBXGroup;
			children = (
				7653975E2525D9BF00632100 /* MovieModel.swift */,
				765397632525D9CE00632100 /* MovieService.swift */,
			);
			path = Movie;
			sourceTree = "<group>";
		};
		7653976D2525DE9700632100 /* DataModel */ = {
			isa = PBXGroup;
			children = (
				7675DFD425265A9400C4921D /* Rating+CoreDataClass.swift */,
				7675DFD525265A9400C4921D /* Rating+CoreDataProperties.swift */,
				7675DFD625265A9400C4921D /* Movie+CoreDataClass.swift */,
				7675DFD725265A9400C4921D /* Movie+CoreDataProperties.swift */,
				765B3BE32525A1AC00E04A5F /* Movietastic.xcdatamodeld */,
			);
			path = DataModel;
			sourceTree = "<group>";
		};
		765B3BCE2525A1AC00E04A5F = {
			isa = PBXGroup;
			children = (
				765B3BD92525A1AC00E04A5F /* Movietastic */,
				765B3BF32525A1AE00E04A5F /* MovietasticTests */,
				765B3BFE2525A1AE00E04A5F /* MovietasticUITests */,
				765B3BD82525A1AC00E04A5F /* Products */,
				D638D905FD67A290ADEFB414 /* Pods */,
				5EBEFF9215864B613CF235D8 /* Frameworks */,
			);
			sourceTree = "<group>";
		};
		765B3BD82525A1AC00E04A5F /* Products */ = {
			isa = PBXGroup;
			children = (
				765B3BD72525A1AC00E04A5F /* Movietastic.app */,
				765B3BF02525A1AE00E04A5F /* MovietasticTests.xctest */,
				765B3BFB2525A1AE00E04A5F /* MovietasticUITests.xctest */,
			);
			name = Products;
			sourceTree = "<group>";
		};
		765B3BD92525A1AC00E04A5F /* Movietastic */ = {
			isa = PBXGroup;
			children = (
				766ECD782527340500DE6FEE /* Extensions */,
				765397582525D78400632100 /* Model */,
				765397572525D76D00632100 /* Network */,
				765B3C202525A32700E04A5F /* ViewModel */,
				765B3C1F2525A30C00E04A5F /* App */,
				765B3C1D2525A2C400E04A5F /* Helpers */,
				765B3BEB2525A1AE00E04A5F /* Info.plist */,
			);
			path = Movietastic;
			sourceTree = "<group>";
		};
		765B3BF32525A1AE00E04A5F /* MovietasticTests */ = {
			isa = PBXGroup;
			children = (
				765B3BF42525A1AE00E04A5F /* MovietasticTests.swift */,
				765B3BF62525A1AE00E04A5F /* Info.plist */,
			);
			path = MovietasticTests;
			sourceTree = "<group>";
		};
		765B3BFE2525A1AE00E04A5F /* MovietasticUITests */ = {
			isa = PBXGroup;
			children = (
				765B3BFF2525A1AE00E04A5F /* MovietasticUITests.swift */,
				765B3C012525A1AE00E04A5F /* Info.plist */,
			);
			path = MovietasticUITests;
			sourceTree = "<group>";
		};
		765B3C1D2525A2C400E04A5F /* Helpers */ = {
			isa = PBXGroup;
			children = (
				76901CBA252948E10063D991 /* Animations */,
				765B3BE62525A1AE00E04A5F /* Assets.xcassets */,
			);
			path = Helpers;
			sourceTree = "<group>";
		};
		765B3C1E2525A2EC00E04A5F /* View */ = {
			isa = PBXGroup;
			children = (
				76901C652529085E0063D991 /* Storyboards */,
				76901BFC2528AB0F0063D991 /* Cells */,
				76901CCA25294C910063D991 /* BaseViewController.swift */,
			);
			path = View;
			sourceTree = "<group>";
		};
		765B3C1F2525A30C00E04A5F /* App */ = {
			isa = PBXGroup;
			children = (
				765B3BDA2525A1AC00E04A5F /* AppDelegate.swift */,
				765B3BDC2525A1AC00E04A5F /* SceneDelegate.swift */,
			);
			path = App;
			sourceTree = "<group>";
		};
		765B3C202525A32700E04A5F /* ViewModel */ = {
			isa = PBXGroup;
			children = (
				765B3C1E2525A2EC00E04A5F /* View */,
				76901C53252901DD0063D991 /* MovieSearch */,
				76901C2B2528EB6A0063D991 /* MovieDetail */,
				765B3C222525A33B00E04A5F /* MovieList */,
				765B3C212525A33000E04A5F /* Launch */,
			);
			path = ViewModel;
			sourceTree = "<group>";
		};
		765B3C212525A33000E04A5F /* Launch */ = {
			isa = PBXGroup;
			children = (
				765B3C132525A23100E04A5F /* LaunchScreenViewController.swift */,
				765B3C292525A40400E04A5F /* LaunchScreenViewModel.swift */,
			);
			path = Launch;
			sourceTree = "<group>";
		};
		765B3C222525A33B00E04A5F /* MovieList */ = {
			isa = PBXGroup;
			children = (
				765B3C182525A2B500E04A5F /* MovieListViewController.swift */,
				765B3C242525A3EF00E04A5F /* MovieListViewModel.swift */,
			);
			path = MovieList;
			sourceTree = "<group>";
		};
		766ECD782527340500DE6FEE /* Extensions */ = {
			isa = PBXGroup;
			children = (
				766ECD792527341B00DE6FEE /* NSManagedObject+EXT.swift */,
				76901BEA25289C610063D991 /* Date+EXT.swift */,
			);
			path = Extensions;
			sourceTree = "<group>";
		};
		76901BFC2528AB0F0063D991 /* Cells */ = {
			isa = PBXGroup;
			children = (
				76901C1C2528AF370063D991 /* MovieListCollectionViewCell.xib */,
				76901C1B2528AF370063D991 /* MovieListCollectionViewCell.swift */,
				76901C66252908930063D991 /* MovieSearchTableViewCell.swift */,
				76901C67252908930063D991 /* MovieSearchTableViewCell.xib */,
			);
			path = Cells;
			sourceTree = "<group>";
		};
		76901C2B2528EB6A0063D991 /* MovieDetail */ = {
			isa = PBXGroup;
			children = (
				76901C2D2528EB8F0063D991 /* MovieDetailViewController.swift */,
				76901C352528EBA10063D991 /* MovieDetailViewModel.swift */,
			);
			path = MovieDetail;
			sourceTree = "<group>";
		};
		76901C53252901DD0063D991 /* MovieSearch */ = {
			isa = PBXGroup;
			children = (
				76901C54252901F10063D991 /* MovieSearchViewController.swift */,
				76901C5C252902050063D991 /* MovieSearchViewModel.swift */,
			);
			path = MovieSearch;
			sourceTree = "<group>";
		};
		76901C652529085E0063D991 /* Storyboards */ = {
			isa = PBXGroup;
			children = (
				765B3BE82525A1AE00E04A5F /* LaunchScreen.storyboard */,
				765B3BE02525A1AC00E04A5F /* Main.storyboard */,
			);
			path = Storyboards;
			sourceTree = "<group>";
		};
		76901CBA252948E10063D991 /* Animations */ = {
			isa = PBXGroup;
			children = (
				76901CD225294E420063D991 /* main.json */,
			);
			path = Animations;
			sourceTree = "<group>";
		};
		D638D905FD67A290ADEFB414 /* Pods */ = {
			isa = PBXGroup;
			children = (
				EF2AFC97C0AC9FAE041F965D /* Pods-Movietastic.debug.xcconfig */,
				CAD2F47C5889FCC143B0B6DC /* Pods-Movietastic.release.xcconfig */,
				47EBEE68425E8955195C5CFD /* Pods-Movietastic-MovietasticUITests.debug.xcconfig */,
				B56E375D74BE48EBF68CF4A0 /* Pods-Movietastic-MovietasticUITests.release.xcconfig */,
				8994A4CBEABE1F7090188E5C /* Pods-MovietasticTests.debug.xcconfig */,
				C0B5497A721EC4E6D53E1EB4 /* Pods-MovietasticTests.release.xcconfig */,
			);
			path = Pods;
			sourceTree = "<group>";
		};
/* End PBXGroup section */

/* Begin PBXNativeTarget section */
		765B3BD62525A1AC00E04A5F /* Movietastic */ = {
			isa = PBXNativeTarget;
			buildConfigurationList = 765B3C042525A1AE00E04A5F /* Build configuration list for PBXNativeTarget "Movietastic" */;
			buildPhases = (
				718CBD7E78062C7AA823F910 /* [CP] Check Pods Manifest.lock */,
				765B3BD32525A1AC00E04A5F /* Sources */,
				765B3BD42525A1AC00E04A5F /* Frameworks */,
				765B3BD52525A1AC00E04A5F /* Resources */,
				D25971C92195FA563B926738 /* [CP] Embed Pods Frameworks */,
			);
			buildRules = (
			);
			dependencies = (
			);
			name = Movietastic;
			productName = Movietastic;
			productReference = 765B3BD72525A1AC00E04A5F /* Movietastic.app */;
			productType = "com.apple.product-type.application";
		};
		765B3BEF2525A1AE00E04A5F /* MovietasticTests */ = {
			isa = PBXNativeTarget;
			buildConfigurationList = 765B3C072525A1AE00E04A5F /* Build configuration list for PBXNativeTarget "MovietasticTests" */;
			buildPhases = (
				982D34E6BC204C808199EDDF /* [CP] Check Pods Manifest.lock */,
				765B3BEC2525A1AE00E04A5F /* Sources */,
				765B3BED2525A1AE00E04A5F /* Frameworks */,
				765B3BEE2525A1AE00E04A5F /* Resources */,
			);
			buildRules = (
			);
			dependencies = (
				765B3BF22525A1AE00E04A5F /* PBXTargetDependency */,
			);
			name = MovietasticTests;
			productName = MovietasticTests;
			productReference = 765B3BF02525A1AE00E04A5F /* MovietasticTests.xctest */;
			productType = "com.apple.product-type.bundle.unit-test";
		};
		765B3BFA2525A1AE00E04A5F /* MovietasticUITests */ = {
			isa = PBXNativeTarget;
			buildConfigurationList = 765B3C0A2525A1AE00E04A5F /* Build configuration list for PBXNativeTarget "MovietasticUITests" */;
			buildPhases = (
				D0C685C7BCE8FBA93FA99179 /* [CP] Check Pods Manifest.lock */,
				765B3BF72525A1AE00E04A5F /* Sources */,
				765B3BF82525A1AE00E04A5F /* Frameworks */,
				765B3BF92525A1AE00E04A5F /* Resources */,
				5D30951B022812C89D1F532E /* [CP] Embed Pods Frameworks */,
			);
			buildRules = (
			);
			dependencies = (
				765B3BFD2525A1AE00E04A5F /* PBXTargetDependency */,
			);
			name = MovietasticUITests;
			productName = MovietasticUITests;
			productReference = 765B3BFB2525A1AE00E04A5F /* MovietasticUITests.xctest */;
			productType = "com.apple.product-type.bundle.ui-testing";
		};
/* End PBXNativeTarget section */

/* Begin PBXProject section */
		765B3BCF2525A1AC00E04A5F /* Project object */ = {
			isa = PBXProject;
			attributes = {
				LastSwiftUpdateCheck = 1200;
				LastUpgradeCheck = 1200;
				TargetAttributes = {
					765B3BD62525A1AC00E04A5F = {
						CreatedOnToolsVersion = 12.0.1;
					};
					765B3BEF2525A1AE00E04A5F = {
						CreatedOnToolsVersion = 12.0.1;
						TestTargetID = 765B3BD62525A1AC00E04A5F;
					};
					765B3BFA2525A1AE00E04A5F = {
						CreatedOnToolsVersion = 12.0.1;
						TestTargetID = 765B3BD62525A1AC00E04A5F;
					};
				};
			};
			buildConfigurationList = 765B3BD22525A1AC00E04A5F /* Build configuration list for PBXProject "Movietastic" */;
			compatibilityVersion = "Xcode 9.3";
			developmentRegion = en;
			hasScannedForEncodings = 0;
			knownRegions = (
				en,
				Base,
			);
			mainGroup = 765B3BCE2525A1AC00E04A5F;
			productRefGroup = 765B3BD82525A1AC00E04A5F /* Products */;
			projectDirPath = "";
			projectRoot = "";
			targets = (
				765B3BD62525A1AC00E04A5F /* Movietastic */,
				765B3BEF2525A1AE00E04A5F /* MovietasticTests */,
				765B3BFA2525A1AE00E04A5F /* MovietasticUITests */,
			);
		};
/* End PBXProject section */

/* Begin PBXResourcesBuildPhase section */
		765B3BD52525A1AC00E04A5F /* Resources */ = {
			isa = PBXResourcesBuildPhase;
			buildActionMask = 2147483647;
			files = (
				76901CD425294E420063D991 /* main.json in Resources */,
				765B3BEA2525A1AE00E04A5F /* LaunchScreen.storyboard in Resources */,
				765B3BE72525A1AE00E04A5F /* Assets.xcassets in Resources */,
				765B3BE22525A1AC00E04A5F /* Main.storyboard in Resources */,
				76901C1E2528AF370063D991 /* MovieListCollectionViewCell.xib in Resources */,
				76901C69252908930063D991 /* MovieSearchTableViewCell.xib in Resources */,
			);
			runOnlyForDeploymentPostprocessing = 0;
		};
		765B3BEE2525A1AE00E04A5F /* Resources */ = {
			isa = PBXResourcesBuildPhase;
			buildActionMask = 2147483647;
			files = (
			);
			runOnlyForDeploymentPostprocessing = 0;
		};
		765B3BF92525A1AE00E04A5F /* Resources */ = {
			isa = PBXResourcesBuildPhase;
			buildActionMask = 2147483647;
			files = (
			);
			runOnlyForDeploymentPostprocessing = 0;
		};
/* End PBXResourcesBuildPhase section */

/* Begin PBXShellScriptBuildPhase section */
		5D30951B022812C89D1F532E /* [CP] Embed Pods Frameworks */ = {
			isa = PBXShellScriptBuildPhase;
			buildActionMask = 2147483647;
			files = (
			);
			inputFileListPaths = (
				"${PODS_ROOT}/Target Support Files/Pods-Movietastic-MovietasticUITests/Pods-Movietastic-MovietasticUITests-frameworks-${CONFIGURATION}-input-files.xcfilelist",
			);
			name = "[CP] Embed Pods Frameworks";
			outputFileListPaths = (
				"${PODS_ROOT}/Target Support Files/Pods-Movietastic-MovietasticUITests/Pods-Movietastic-MovietasticUITests-frameworks-${CONFIGURATION}-output-files.xcfilelist",
			);
			runOnlyForDeploymentPostprocessing = 0;
			shellPath = /bin/sh;
			shellScript = "\"${PODS_ROOT}/Target Support Files/Pods-Movietastic-MovietasticUITests/Pods-Movietastic-MovietasticUITests-frameworks.sh\"\n";
			showEnvVarsInLog = 0;
		};
		718CBD7E78062C7AA823F910 /* [CP] Check Pods Manifest.lock */ = {
			isa = PBXShellScriptBuildPhase;
			buildActionMask = 2147483647;
			files = (
			);
			inputFileListPaths = (
			);
			inputPaths = (
				"${PODS_PODFILE_DIR_PATH}/Podfile.lock",
				"${PODS_ROOT}/Manifest.lock",
			);
			name = "[CP] Check Pods Manifest.lock";
			outputFileListPaths = (
			);
			outputPaths = (
				"$(DERIVED_FILE_DIR)/Pods-Movietastic-checkManifestLockResult.txt",
			);
			runOnlyForDeploymentPostprocessing = 0;
			shellPath = /bin/sh;
			shellScript = "diff \"${PODS_PODFILE_DIR_PATH}/Podfile.lock\" \"${PODS_ROOT}/Manifest.lock\" > /dev/null\nif [ $? != 0 ] ; then\n    # print error to STDERR\n    echo \"error: The sandbox is not in sync with the Podfile.lock. Run 'pod install' or update your CocoaPods installation.\" >&2\n    exit 1\nfi\n# This output is used by Xcode 'outputs' to avoid re-running this script phase.\necho \"SUCCESS\" > \"${SCRIPT_OUTPUT_FILE_0}\"\n";
			showEnvVarsInLog = 0;
		};
		982D34E6BC204C808199EDDF /* [CP] Check Pods Manifest.lock */ = {
			isa = PBXShellScriptBuildPhase;
			buildActionMask = 2147483647;
			files = (
			);
			inputFileListPaths = (
			);
			inputPaths = (
				"${PODS_PODFILE_DIR_PATH}/Podfile.lock",
				"${PODS_ROOT}/Manifest.lock",
			);
			name = "[CP] Check Pods Manifest.lock";
			outputFileListPaths = (
			);
			outputPaths = (
				"$(DERIVED_FILE_DIR)/Pods-MovietasticTests-checkManifestLockResult.txt",
			);
			runOnlyForDeploymentPostprocessing = 0;
			shellPath = /bin/sh;
			shellScript = "diff \"${PODS_PODFILE_DIR_PATH}/Podfile.lock\" \"${PODS_ROOT}/Manifest.lock\" > /dev/null\nif [ $? != 0 ] ; then\n    # print error to STDERR\n    echo \"error: The sandbox is not in sync with the Podfile.lock. Run 'pod install' or update your CocoaPods installation.\" >&2\n    exit 1\nfi\n# This output is used by Xcode 'outputs' to avoid re-running this script phase.\necho \"SUCCESS\" > \"${SCRIPT_OUTPUT_FILE_0}\"\n";
			showEnvVarsInLog = 0;
		};
		D0C685C7BCE8FBA93FA99179 /* [CP] Check Pods Manifest.lock */ = {
			isa = PBXShellScriptBuildPhase;
			buildActionMask = 2147483647;
			files = (
			);
			inputFileListPaths = (
			);
			inputPaths = (
				"${PODS_PODFILE_DIR_PATH}/Podfile.lock",
				"${PODS_ROOT}/Manifest.lock",
			);
			name = "[CP] Check Pods Manifest.lock";
			outputFileListPaths = (
			);
			outputPaths = (
				"$(DERIVED_FILE_DIR)/Pods-Movietastic-MovietasticUITests-checkManifestLockResult.txt",
			);
			runOnlyForDeploymentPostprocessing = 0;
			shellPath = /bin/sh;
			shellScript = "diff \"${PODS_PODFILE_DIR_PATH}/Podfile.lock\" \"${PODS_ROOT}/Manifest.lock\" > /dev/null\nif [ $? != 0 ] ; then\n    # print error to STDERR\n    echo \"error: The sandbox is not in sync with the Podfile.lock. Run 'pod install' or update your CocoaPods installation.\" >&2\n    exit 1\nfi\n# This output is used by Xcode 'outputs' to avoid re-running this script phase.\necho \"SUCCESS\" > \"${SCRIPT_OUTPUT_FILE_0}\"\n";
			showEnvVarsInLog = 0;
		};
		D25971C92195FA563B926738 /* [CP] Embed Pods Frameworks */ = {
			isa = PBXShellScriptBuildPhase;
			buildActionMask = 2147483647;
			files = (
			);
			inputFileListPaths = (
				"${PODS_ROOT}/Target Support Files/Pods-Movietastic/Pods-Movietastic-frameworks-${CONFIGURATION}-input-files.xcfilelist",
			);
			name = "[CP] Embed Pods Frameworks";
			outputFileListPaths = (
				"${PODS_ROOT}/Target Support Files/Pods-Movietastic/Pods-Movietastic-frameworks-${CONFIGURATION}-output-files.xcfilelist",
			);
			runOnlyForDeploymentPostprocessing = 0;
			shellPath = /bin/sh;
			shellScript = "\"${PODS_ROOT}/Target Support Files/Pods-Movietastic/Pods-Movietastic-frameworks.sh\"\n";
			showEnvVarsInLog = 0;
		};
/* End PBXShellScriptBuildPhase section */

/* Begin PBXSourcesBuildPhase section */
		765B3BD32525A1AC00E04A5F /* Sources */ = {
			isa = PBXSourcesBuildPhase;
			buildActionMask = 2147483647;
			files = (
				7675DFDA25265A9400C4921D /* Movie+CoreDataClass.swift in Sources */,
				7675DFDB25265A9400C4921D /* Movie+CoreDataProperties.swift in Sources */,
				7653975F2525D9BF00632100 /* MovieModel.swift in Sources */,
				765397532525BDBD00632100 /* NetworkingClient.swift in Sources */,
				765B3BE52525A1AC00E04A5F /* Movietastic.xcdatamodeld in Sources */,
				76901CCB25294C910063D991 /* BaseViewController.swift in Sources */,
				76901C55252901F10063D991 /* MovieSearchViewController.swift in Sources */,
				766ECD7A2527341B00DE6FEE /* NSManagedObject+EXT.swift in Sources */,
				765B3C2A2525A40400E04A5F /* LaunchScreenViewModel.swift in Sources */,
				7675DFD925265A9400C4921D /* Rating+CoreDataProperties.swift in Sources */,
				765397642525D9CE00632100 /* MovieService.swift in Sources */,
				76901BEB25289C610063D991 /* Date+EXT.swift in Sources */,
				765B3C192525A2B500E04A5F /* MovieListViewController.swift in Sources */,
				765B3BDB2525A1AC00E04A5F /* AppDelegate.swift in Sources */,
				76901C5D252902050063D991 /* MovieSearchViewModel.swift in Sources */,
				7675DFB525264E8A00C4921D /* CustomError.swift in Sources */,
				76901C2E2528EB8F0063D991 /* MovieDetailViewController.swift in Sources */,
				76901C1D2528AF370063D991 /* MovieListCollectionViewCell.swift in Sources */,
				765B3C142525A23100E04A5F /* LaunchScreenViewController.swift in Sources */,
				76901C362528EBA10063D991 /* MovieDetailViewModel.swift in Sources */,
				765B3BDD2525A1AC00E04A5F /* SceneDelegate.swift in Sources */,
				7675DFD825265A9400C4921D /* Rating+CoreDataClass.swift in Sources */,
				765B3C252525A3EF00E04A5F /* MovieListViewModel.swift in Sources */,
				76901C68252908930063D991 /* MovieSearchTableViewCell.swift in Sources */,
			);
			runOnlyForDeploymentPostprocessing = 0;
		};
		765B3BEC2525A1AE00E04A5F /* Sources */ = {
			isa = PBXSourcesBuildPhase;
			buildActionMask = 2147483647;
			files = (
				765B3BF52525A1AE00E04A5F /* MovietasticTests.swift in Sources */,
			);
			runOnlyForDeploymentPostprocessing = 0;
		};
		765B3BF72525A1AE00E04A5F /* Sources */ = {
			isa = PBXSourcesBuildPhase;
			buildActionMask = 2147483647;
			files = (
				765B3C002525A1AE00E04A5F /* MovietasticUITests.swift in Sources */,
			);
			runOnlyForDeploymentPostprocessing = 0;
		};
/* End PBXSourcesBuildPhase section */

/* Begin PBXTargetDependency section */
		765B3BF22525A1AE00E04A5F /* PBXTargetDependency */ = {
			isa = PBXTargetDependency;
			target = 765B3BD62525A1AC00E04A5F /* Movietastic */;
			targetProxy = 765B3BF12525A1AE00E04A5F /* PBXContainerItemProxy */;
		};
		765B3BFD2525A1AE00E04A5F /* PBXTargetDependency */ = {
			isa = PBXTargetDependency;
			target = 765B3BD62525A1AC00E04A5F /* Movietastic */;
			targetProxy = 765B3BFC2525A1AE00E04A5F /* PBXContainerItemProxy */;
		};
/* End PBXTargetDependency section */

/* Begin PBXVariantGroup section */
		765B3BE02525A1AC00E04A5F /* Main.storyboard */ = {
			isa = PBXVariantGroup;
			children = (
				765B3BE12525A1AC00E04A5F /* Base */,
			);
			name = Main.storyboard;
			sourceTree = "<group>";
		};
		765B3BE82525A1AE00E04A5F /* LaunchScreen.storyboard */ = {
			isa = PBXVariantGroup;
			children = (
				765B3BE92525A1AE00E04A5F /* Base */,
			);
			name = LaunchScreen.storyboard;
			sourceTree = "<group>";
		};
/* End PBXVariantGroup section */

/* Begin XCBuildConfiguration section */
		765B3C022525A1AE00E04A5F /* Debug */ = {
			isa = XCBuildConfiguration;
			buildSettings = {
				ALWAYS_SEARCH_USER_PATHS = NO;
				CLANG_ANALYZER_NONNULL = YES;
				CLANG_ANALYZER_NUMBER_OBJECT_CONVERSION = YES_AGGRESSIVE;
				CLANG_CXX_LANGUAGE_STANDARD = "gnu++14";
				CLANG_CXX_LIBRARY = "libc++";
				CLANG_ENABLE_MODULES = YES;
				CLANG_ENABLE_OBJC_ARC = YES;
				CLANG_ENABLE_OBJC_WEAK = YES;
				CLANG_WARN_BLOCK_CAPTURE_AUTORELEASING = YES;
				CLANG_WARN_BOOL_CONVERSION = YES;
				CLANG_WARN_COMMA = YES;
				CLANG_WARN_CONSTANT_CONVERSION = YES;
				CLANG_WARN_DEPRECATED_OBJC_IMPLEMENTATIONS = YES;
				CLANG_WARN_DIRECT_OBJC_ISA_USAGE = YES_ERROR;
				CLANG_WARN_DOCUMENTATION_COMMENTS = YES;
				CLANG_WARN_EMPTY_BODY = YES;
				CLANG_WARN_ENUM_CONVERSION = YES;
				CLANG_WARN_INFINITE_RECURSION = YES;
				CLANG_WARN_INT_CONVERSION = YES;
				CLANG_WARN_NON_LITERAL_NULL_CONVERSION = YES;
				CLANG_WARN_OBJC_IMPLICIT_RETAIN_SELF = YES;
				CLANG_WARN_OBJC_LITERAL_CONVERSION = YES;
				CLANG_WARN_OBJC_ROOT_CLASS = YES_ERROR;
				CLANG_WARN_QUOTED_INCLUDE_IN_FRAMEWORK_HEADER = YES;
				CLANG_WARN_RANGE_LOOP_ANALYSIS = YES;
				CLANG_WARN_STRICT_PROTOTYPES = YES;
				CLANG_WARN_SUSPICIOUS_MOVE = YES;
				CLANG_WARN_UNGUARDED_AVAILABILITY = YES_AGGRESSIVE;
				CLANG_WARN_UNREACHABLE_CODE = YES;
				CLANG_WARN__DUPLICATE_METHOD_MATCH = YES;
				COPY_PHASE_STRIP = NO;
				DEBUG_INFORMATION_FORMAT = dwarf;
				ENABLE_STRICT_OBJC_MSGSEND = YES;
				ENABLE_TESTABILITY = YES;
				GCC_C_LANGUAGE_STANDARD = gnu11;
				GCC_DYNAMIC_NO_PIC = NO;
				GCC_NO_COMMON_BLOCKS = YES;
				GCC_OPTIMIZATION_LEVEL = 0;
				GCC_PREPROCESSOR_DEFINITIONS = (
					"DEBUG=1",
					"$(inherited)",
				);
				GCC_WARN_64_TO_32_BIT_CONVERSION = YES;
				GCC_WARN_ABOUT_RETURN_TYPE = YES_ERROR;
				GCC_WARN_UNDECLARED_SELECTOR = YES;
				GCC_WARN_UNINITIALIZED_AUTOS = YES_AGGRESSIVE;
				GCC_WARN_UNUSED_FUNCTION = YES;
				GCC_WARN_UNUSED_VARIABLE = YES;
				IPHONEOS_DEPLOYMENT_TARGET = 14.0;
				MTL_ENABLE_DEBUG_INFO = INCLUDE_SOURCE;
				MTL_FAST_MATH = YES;
				ONLY_ACTIVE_ARCH = YES;
				SDKROOT = iphoneos;
				SWIFT_ACTIVE_COMPILATION_CONDITIONS = DEBUG;
				SWIFT_OPTIMIZATION_LEVEL = "-Onone";
			};
			name = Debug;
		};
		765B3C032525A1AE00E04A5F /* Release */ = {
			isa = XCBuildConfiguration;
			buildSettings = {
				ALWAYS_SEARCH_USER_PATHS = NO;
				CLANG_ANALYZER_NONNULL = YES;
				CLANG_ANALYZER_NUMBER_OBJECT_CONVERSION = YES_AGGRESSIVE;
				CLANG_CXX_LANGUAGE_STANDARD = "gnu++14";
				CLANG_CXX_LIBRARY = "libc++";
				CLANG_ENABLE_MODULES = YES;
				CLANG_ENABLE_OBJC_ARC = YES;
				CLANG_ENABLE_OBJC_WEAK = YES;
				CLANG_WARN_BLOCK_CAPTURE_AUTORELEASING = YES;
				CLANG_WARN_BOOL_CONVERSION = YES;
				CLANG_WARN_COMMA = YES;
				CLANG_WARN_CONSTANT_CONVERSION = YES;
				CLANG_WARN_DEPRECATED_OBJC_IMPLEMENTATIONS = YES;
				CLANG_WARN_DIRECT_OBJC_ISA_USAGE = YES_ERROR;
				CLANG_WARN_DOCUMENTATION_COMMENTS = YES;
				CLANG_WARN_EMPTY_BODY = YES;
				CLANG_WARN_ENUM_CONVERSION = YES;
				CLANG_WARN_INFINITE_RECURSION = YES;
				CLANG_WARN_INT_CONVERSION = YES;
				CLANG_WARN_NON_LITERAL_NULL_CONVERSION = YES;
				CLANG_WARN_OBJC_IMPLICIT_RETAIN_SELF = YES;
				CLANG_WARN_OBJC_LITERAL_CONVERSION = YES;
				CLANG_WARN_OBJC_ROOT_CLASS = YES_ERROR;
				CLANG_WARN_QUOTED_INCLUDE_IN_FRAMEWORK_HEADER = YES;
				CLANG_WARN_RANGE_LOOP_ANALYSIS = YES;
				CLANG_WARN_STRICT_PROTOTYPES = YES;
				CLANG_WARN_SUSPICIOUS_MOVE = YES;
				CLANG_WARN_UNGUARDED_AVAILABILITY = YES_AGGRESSIVE;
				CLANG_WARN_UNREACHABLE_CODE = YES;
				CLANG_WARN__DUPLICATE_METHOD_MATCH = YES;
				COPY_PHASE_STRIP = NO;
				DEBUG_INFORMATION_FORMAT = "dwarf-with-dsym";
				ENABLE_NS_ASSERTIONS = NO;
				ENABLE_STRICT_OBJC_MSGSEND = YES;
				GCC_C_LANGUAGE_STANDARD = gnu11;
				GCC_NO_COMMON_BLOCKS = YES;
				GCC_WARN_64_TO_32_BIT_CONVERSION = YES;
				GCC_WARN_ABOUT_RETURN_TYPE = YES_ERROR;
				GCC_WARN_UNDECLARED_SELECTOR = YES;
				GCC_WARN_UNINITIALIZED_AUTOS = YES_AGGRESSIVE;
				GCC_WARN_UNUSED_FUNCTION = YES;
				GCC_WARN_UNUSED_VARIABLE = YES;
				IPHONEOS_DEPLOYMENT_TARGET = 14.0;
				MTL_ENABLE_DEBUG_INFO = NO;
				MTL_FAST_MATH = YES;
				SDKROOT = iphoneos;
				SWIFT_COMPILATION_MODE = wholemodule;
				SWIFT_OPTIMIZATION_LEVEL = "-O";
				VALIDATE_PRODUCT = YES;
			};
			name = Release;
		};
		765B3C052525A1AE00E04A5F /* Debug */ = {
			isa = XCBuildConfiguration;
			baseConfigurationReference = EF2AFC97C0AC9FAE041F965D /* Pods-Movietastic.debug.xcconfig */;
			buildSettings = {
				ASSETCATALOG_COMPILER_APPICON_NAME = AppIcon;
				ASSETCATALOG_COMPILER_GLOBAL_ACCENT_COLOR_NAME = AccentColor;
				CODE_SIGN_STYLE = Automatic;
				INFOPLIST_FILE = Movietastic/Info.plist;
				LD_RUNPATH_SEARCH_PATHS = (
					"$(inherited)",
					"@executable_path/Frameworks",
				);
				PRODUCT_BUNDLE_IDENTIFIER = com.osamaazmatkhan.Movietastic;
				PRODUCT_NAME = "$(TARGET_NAME)";
				SWIFT_VERSION = 5.0;
				TARGETED_DEVICE_FAMILY = "1,2";
			};
			name = Debug;
		};
		765B3C062525A1AE00E04A5F /* Release */ = {
			isa = XCBuildConfiguration;
			baseConfigurationReference = CAD2F47C5889FCC143B0B6DC /* Pods-Movietastic.release.xcconfig */;
			buildSettings = {
				ASSETCATALOG_COMPILER_APPICON_NAME = AppIcon;
				ASSETCATALOG_COMPILER_GLOBAL_ACCENT_COLOR_NAME = AccentColor;
				CODE_SIGN_STYLE = Automatic;
				INFOPLIST_FILE = Movietastic/Info.plist;
				LD_RUNPATH_SEARCH_PATHS = (
					"$(inherited)",
					"@executable_path/Frameworks",
				);
				PRODUCT_BUNDLE_IDENTIFIER = com.osamaazmatkhan.Movietastic;
				PRODUCT_NAME = "$(TARGET_NAME)";
				SWIFT_VERSION = 5.0;
				TARGETED_DEVICE_FAMILY = "1,2";
			};
			name = Release;
		};
		765B3C082525A1AE00E04A5F /* Debug */ = {
			isa = XCBuildConfiguration;
			baseConfigurationReference = 8994A4CBEABE1F7090188E5C /* Pods-MovietasticTests.debug.xcconfig */;
			buildSettings = {
				ALWAYS_EMBED_SWIFT_STANDARD_LIBRARIES = YES;
				BUNDLE_LOADER = "$(TEST_HOST)";
				CODE_SIGN_STYLE = Automatic;
				INFOPLIST_FILE = MovietasticTests/Info.plist;
				IPHONEOS_DEPLOYMENT_TARGET = 14.0;
				LD_RUNPATH_SEARCH_PATHS = (
					"$(inherited)",
					"@executable_path/Frameworks",
					"@loader_path/Frameworks",
				);
				PRODUCT_BUNDLE_IDENTIFIER = com.osamaazmatkhan.MovietasticTests;
				PRODUCT_NAME = "$(TARGET_NAME)";
				SWIFT_VERSION = 5.0;
				TARGETED_DEVICE_FAMILY = "1,2";
				TEST_HOST = "$(BUILT_PRODUCTS_DIR)/Movietastic.app/Movietastic";
			};
			name = Debug;
		};
		765B3C092525A1AE00E04A5F /* Release */ = {
			isa = XCBuildConfiguration;
			baseConfigurationReference = C0B5497A721EC4E6D53E1EB4 /* Pods-MovietasticTests.release.xcconfig */;
			buildSettings = {
				ALWAYS_EMBED_SWIFT_STANDARD_LIBRARIES = YES;
				BUNDLE_LOADER = "$(TEST_HOST)";
				CODE_SIGN_STYLE = Automatic;
				INFOPLIST_FILE = MovietasticTests/Info.plist;
				IPHONEOS_DEPLOYMENT_TARGET = 14.0;
				LD_RUNPATH_SEARCH_PATHS = (
					"$(inherited)",
					"@executable_path/Frameworks",
					"@loader_path/Frameworks",
				);
				PRODUCT_BUNDLE_IDENTIFIER = com.osamaazmatkhan.MovietasticTests;
				PRODUCT_NAME = "$(TARGET_NAME)";
				SWIFT_VERSION = 5.0;
				TARGETED_DEVICE_FAMILY = "1,2";
				TEST_HOST = "$(BUILT_PRODUCTS_DIR)/Movietastic.app/Movietastic";
			};
			name = Release;
		};
		765B3C0B2525A1AE00E04A5F /* Debug */ = {
			isa = XCBuildConfiguration;
			baseConfigurationReference = 47EBEE68425E8955195C5CFD /* Pods-Movietastic-MovietasticUITests.debug.xcconfig */;
			buildSettings = {
				ALWAYS_EMBED_SWIFT_STANDARD_LIBRARIES = YES;
				CODE_SIGN_STYLE = Automatic;
				INFOPLIST_FILE = MovietasticUITests/Info.plist;
				LD_RUNPATH_SEARCH_PATHS = (
					"$(inherited)",
					"@executable_path/Frameworks",
					"@loader_path/Frameworks",
				);
				PRODUCT_BUNDLE_IDENTIFIER = com.osamaazmatkhan.MovietasticUITests;
				PRODUCT_NAME = "$(TARGET_NAME)";
				SWIFT_VERSION = 5.0;
				TARGETED_DEVICE_FAMILY = "1,2";
				TEST_TARGET_NAME = Movietastic;
			};
			name = Debug;
		};
		765B3C0C2525A1AE00E04A5F /* Release */ = {
			isa = XCBuildConfiguration;
			baseConfigurationReference = B56E375D74BE48EBF68CF4A0 /* Pods-Movietastic-MovietasticUITests.release.xcconfig */;
			buildSettings = {
				ALWAYS_EMBED_SWIFT_STANDARD_LIBRARIES = YES;
				CODE_SIGN_STYLE = Automatic;
				INFOPLIST_FILE = MovietasticUITests/Info.plist;
				LD_RUNPATH_SEARCH_PATHS = (
					"$(inherited)",
					"@executable_path/Frameworks",
					"@loader_path/Frameworks",
				);
				PRODUCT_BUNDLE_IDENTIFIER = com.osamaazmatkhan.MovietasticUITests;
				PRODUCT_NAME = "$(TARGET_NAME)";
				SWIFT_VERSION = 5.0;
				TARGETED_DEVICE_FAMILY = "1,2";
				TEST_TARGET_NAME = Movietastic;
			};
			name = Release;
		};
/* End XCBuildConfiguration section */

/* Begin XCConfigurationList section */
		765B3BD22525A1AC00E04A5F /* Build configuration list for PBXProject "Movietastic" */ = {
			isa = XCConfigurationList;
			buildConfigurations = (
				765B3C022525A1AE00E04A5F /* Debug */,
				765B3C032525A1AE00E04A5F /* Release */,
			);
			defaultConfigurationIsVisible = 0;
			defaultConfigurationName = Release;
		};
		765B3C042525A1AE00E04A5F /* Build configuration list for PBXNativeTarget "Movietastic" */ = {
			isa = XCConfigurationList;
			buildConfigurations = (
				765B3C052525A1AE00E04A5F /* Debug */,
				765B3C062525A1AE00E04A5F /* Release */,
			);
			defaultConfigurationIsVisible = 0;
			defaultConfigurationName = Release;
		};
		765B3C072525A1AE00E04A5F /* Build configuration list for PBXNativeTarget "MovietasticTests" */ = {
			isa = XCConfigurationList;
			buildConfigurations = (
				765B3C082525A1AE00E04A5F /* Debug */,
				765B3C092525A1AE00E04A5F /* Release */,
			);
			defaultConfigurationIsVisible = 0;
			defaultConfigurationName = Release;
		};
		765B3C0A2525A1AE00E04A5F /* Build configuration list for PBXNativeTarget "MovietasticUITests" */ = {
			isa = XCConfigurationList;
			buildConfigurations = (
				765B3C0B2525A1AE00E04A5F /* Debug */,
				765B3C0C2525A1AE00E04A5F /* Release */,
			);
			defaultConfigurationIsVisible = 0;
			defaultConfigurationName = Release;
		};
/* End XCConfigurationList section */

/* Begin XCVersionGroup section */
		765B3BE32525A1AC00E04A5F /* Movietastic.xcdatamodeld */ = {
			isa = XCVersionGroup;
			children = (
				765B3BE42525A1AC00E04A5F /* Movietastic.xcdatamodel */,
			);
			currentVersion = 765B3BE42525A1AC00E04A5F /* Movietastic.xcdatamodel */;
			path = Movietastic.xcdatamodeld;
			sourceTree = "<group>";
			versionGroupType = wrapper.xcdatamodel;
		};
/* End XCVersionGroup section */
	};
	rootObject = 765B3BCF2525A1AC00E04A5F /* Project object */;
}
