// !$*UTF8*$!
{
	archiveVersion = 1;
	classes = {
	};
	objectVersion = 50;
	objects = {

/* Begin PBXBuildFile section */
		765B3BDB2525A1AC00E04A5F /* AppDelegate.swift in Sources */ = {isa = PBXBuildFile; fileRef = 765B3BDA2525A1AC00E04A5F /* AppDelegate.swift */; };
		765B3BDD2525A1AC00E04A5F /* SceneDelegate.swift in Sources */ = {isa = PBXBuildFile; fileRef = 765B3BDC2525A1AC00E04A5F /* SceneDelegate.swift */; };
		765B3BDF2525A1AC00E04A5F /* ViewController.swift in Sources */ = {isa = PBXBuildFile; fileRef = 765B3BDE2525A1AC00E04A5F /* ViewController.swift */; };
		765B3BE22525A1AC00E04A5F /* Main.storyboard in Resources */ = {isa = PBXBuildFile; fileRef = 765B3BE02525A1AC00E04A5F /* Main.storyboard */; };
		765B3BE52525A1AC00E04A5F /* Movietastic.xcdatamodeld in Sources */ = {isa = PBXBuildFile; fileRef = 765B3BE32525A1AC00E04A5F /* Movietastic.xcdatamodeld */; };
		765B3BE72525A1AE00E04A5F /* Assets.xcassets in Resources */ = {isa = PBXBuildFile; fileRef = 765B3BE62525A1AE00E04A5F /* Assets.xcassets */; };
		765B3BEA2525A1AE00E04A5F /* LaunchScreen.storyboard in Resources */ = {isa = PBXBuildFile; fileRef = 765B3BE82525A1AE00E04A5F /* LaunchScreen.storyboard */; };
		765B3BF52525A1AE00E04A5F /* MovietasticTests.swift in Sources */ = {isa = PBXBuildFile; fileRef = 765B3BF42525A1AE00E04A5F /* MovietasticTests.swift */; };
		765B3C002525A1AE00E04A5F /* MovietasticUITests.swift in Sources */ = {isa = PBXBuildFile; fileRef = 765B3BFF2525A1AE00E04A5F /* MovietasticUITests.swift */; };
/* End PBXBuildFile section */

/* Begin PBXContainerItemProxy section */
		765B3BF12525A1AE00E04A5F /* PBXContainerItemProxy */ = {
			isa = PBXContainerItemProxy;
			containerPortal = 765B3BCF2525A1AC00E04A5F /* Project object */;
			proxyType = 1;
			remoteGlobalIDString = 765B3BD62525A1AC00E04A5F;
			remoteInfo = Movietastic;
		};
		765B3BFC2525A1AE00E04A5F /* PBXContainerItemProxy */ = {
			isa = PBXContainerItemProxy;
			containerPortal = 765B3BCF2525A1AC00E04A5F /* Project object */;
			proxyType = 1;
			remoteGlobalIDString = 765B3BD62525A1AC00E04A5F;
			remoteInfo = Movietastic;
		};
/* End PBXContainerItemProxy section */

/* Begin PBXFileReference section */
		765B3BD72525A1AC00E04A5F /* Movietastic.app */ = {isa = PBXFileReference; explicitFileType = wrapper.application; includeInIndex = 0; path = Movietastic.app; sourceTree = BUILT_PRODUCTS_DIR; };
		765B3BDA2525A1AC00E04A5F /* AppDelegate.swift */ = {isa = PBXFileReference; lastKnownFileType = sourcecode.swift; path = AppDelegate.swift; sourceTree = "<group>"; };
		765B3BDC2525A1AC00E04A5F /* SceneDelegate.swift */ = {isa = PBXFileReference; lastKnownFileType = sourcecode.swift; path = SceneDelegate.swift; sourceTree = "<group>"; };
		765B3BDE2525A1AC00E04A5F /* ViewController.swift */ = {isa = PBXFileReference; lastKnownFileType = sourcecode.swift; path = ViewController.swift; sourceTree = "<group>"; };
		765B3BE12525A1AC00E04A5F /* Base */ = {isa = PBXFileReference; lastKnownFileType = file.storyboard; name = Base; path = Base.lproj/Main.storyboard; sourceTree = "<group>"; };
		765B3BE42525A1AC00E04A5F /* Movietastic.xcdatamodel */ = {isa = PBXFileReference; lastKnownFileType = wrapper.xcdatamodel; path = Movietastic.xcdatamodel; sourceTree = "<group>"; };
		765B3BE62525A1AE00E04A5F /* Assets.xcassets */ = {isa = PBXFileReference; lastKnownFileType = folder.assetcatalog; path = Assets.xcassets; sourceTree = "<group>"; };
		765B3BE92525A1AE00E04A5F /* Base */ = {isa = PBXFileReference; lastKnownFileType = file.storyboard; name = Base; path = Base.lproj/LaunchScreen.storyboard; sourceTree = "<group>"; };
		765B3BEB2525A1AE00E04A5F /* Info.plist */ = {isa = PBXFileReference; lastKnownFileType = text.plist.xml; path = Info.plist; sourceTree = "<group>"; };
		765B3BF02525A1AE00E04A5F /* MovietasticTests.xctest */ = {isa = PBXFileReference; explicitFileType = wrapper.cfbundle; includeInIndex = 0; path = MovietasticTests.xctest; sourceTree = BUILT_PRODUCTS_DIR; };
		765B3BF42525A1AE00E04A5F /* MovietasticTests.swift */ = {isa = PBXFileReference; lastKnownFileType = sourcecode.swift; path = MovietasticTests.swift; sourceTree = "<group>"; };
		765B3BF62525A1AE00E04A5F /* Info.plist */ = {isa = PBXFileReference; lastKnownFileType = text.plist.xml; path = Info.plist; sourceTree = "<group>"; };
		765B3BFB2525A1AE00E04A5F /* MovietasticUITests.xctest */ = {isa = PBXFileReference; explicitFileType = wrapper.cfbundle; includeInIndex = 0; path = MovietasticUITests.xctest; sourceTree = BUILT_PRODUCTS_DIR; };
		765B3BFF2525A1AE00E04A5F /* MovietasticUITests.swift */ = {isa = PBXFileReference; lastKnownFileType = sourcecode.swift; path = MovietasticUITests.swift; sourceTree = "<group>"; };
		765B3C012525A1AE00E04A5F /* Info.plist */ = {isa = PBXFileReference; lastKnownFileType = text.plist.xml; path = Info.plist; sourceTree = "<group>"; };
/* End PBXFileReference section */

/* Begin PBXFrameworksBuildPhase section */
		765B3BD42525A1AC00E04A5F /* Frameworks */ = {
			isa = PBXFrameworksBuildPhase;
			buildActionMask = 2147483647;
			files = (
			);
			runOnlyForDeploymentPostprocessing = 0;
		};
		765B3BED2525A1AE00E04A5F /* Frameworks */ = {
			isa = PBXFrameworksBuildPhase;
			buildActionMask = 2147483647;
			files = (
			);
			runOnlyForDeploymentPostprocessing = 0;
		};
		765B3BF82525A1AE00E04A5F /* Frameworks */ = {
			isa = PBXFrameworksBuildPhase;
			buildActionMask = 2147483647;
			files = (
			);
			runOnlyForDeploymentPostprocessing = 0;
		};
/* End PBXFrameworksBuildPhase section */

/* Begin PBXGroup section */
		765B3BCE2525A1AC00E04A5F = {
			isa = PBXGroup;
			children = (
				765B3BD92525A1AC00E04A5F /* Movietastic */,
				765B3BF32525A1AE00E04A5F /* MovietasticTests */,
				765B3BFE2525A1AE00E04A5F /* MovietasticUITests */,
				765B3BD82525A1AC00E04A5F /* Products */,
			);
			sourceTree = "<group>";
		};
		765B3BD82525A1AC00E04A5F /* Products */ = {
			isa = PBXGroup;
			children = (
				765B3BD72525A1AC00E04A5F /* Movietastic.app */,
				765B3BF02525A1AE00E04A5F /* MovietasticTests.xctest */,
				765B3BFB2525A1AE00E04A5F /* MovietasticUITests.xctest */,
			);
			name = Products;
			sourceTree = "<group>";
		};
		765B3BD92525A1AC00E04A5F /* Movietastic */ = {
			isa = PBXGroup;
			children = (
				765B3BDA2525A1AC00E04A5F /* AppDelegate.swift */,
				765B3BDC2525A1AC00E04A5F /* SceneDelegate.swift */,
				765B3BDE2525A1AC00E04A5F /* ViewController.swift */,
				765B3BE02525A1AC00E04A5F /* Main.storyboard */,
				765B3BE62525A1AE00E04A5F /* Assets.xcassets */,
				765B3BE82525A1AE00E04A5F /* LaunchScreen.storyboard */,
				765B3BEB2525A1AE00E04A5F /* Info.plist */,
				765B3BE32525A1AC00E04A5F /* Movietastic.xcdatamodeld */,
			);
			path = Movietastic;
			sourceTree = "<group>";
		};
		765B3BF32525A1AE00E04A5F /* MovietasticTests */ = {
			isa = PBXGroup;
			children = (
				765B3BF42525A1AE00E04A5F /* MovietasticTests.swift */,
				765B3BF62525A1AE00E04A5F /* Info.plist */,
			);
			path = MovietasticTests;
			sourceTree = "<group>";
		};
		765B3BFE2525A1AE00E04A5F /* MovietasticUITests */ = {
			isa = PBXGroup;
			children = (
				765B3BFF2525A1AE00E04A5F /* MovietasticUITests.swift */,
				765B3C012525A1AE00E04A5F /* Info.plist */,
			);
			path = MovietasticUITests;
			sourceTree = "<group>";
		};
/* End PBXGroup section */

/* Begin PBXNativeTarget section */
		765B3BD62525A1AC00E04A5F /* Movietastic */ = {
			isa = PBXNativeTarget;
			buildConfigurationList = 765B3C042525A1AE00E04A5F /* Build configuration list for PBXNativeTarget "Movietastic" */;
			buildPhases = (
				765B3BD32525A1AC00E04A5F /* Sources */,
				765B3BD42525A1AC00E04A5F /* Frameworks */,
				765B3BD52525A1AC00E04A5F /* Resources */,
			);
			buildRules = (
			);
			dependencies = (
			);
			name = Movietastic;
			productName = Movietastic;
			productReference = 765B3BD72525A1AC00E04A5F /* Movietastic.app */;
			productType = "com.apple.product-type.application";
		};
		765B3BEF2525A1AE00E04A5F /* MovietasticTests */ = {
			isa = PBXNativeTarget;
			buildConfigurationList = 765B3C072525A1AE00E04A5F /* Build configuration list for PBXNativeTarget "MovietasticTests" */;
			buildPhases = (
				765B3BEC2525A1AE00E04A5F /* Sources */,
				765B3BED2525A1AE00E04A5F /* Frameworks */,
				765B3BEE2525A1AE00E04A5F /* Resources */,
			);
			buildRules = (
			);
			dependencies = (
				765B3BF22525A1AE00E04A5F /* PBXTargetDependency */,
			);
			name = MovietasticTests;
			productName = MovietasticTests;
			productReference = 765B3BF02525A1AE00E04A5F /* MovietasticTests.xctest */;
			productType = "com.apple.product-type.bundle.unit-test";
		};
		765B3BFA2525A1AE00E04A5F /* MovietasticUITests */ = {
			isa = PBXNativeTarget;
			buildConfigurationList = 765B3C0A2525A1AE00E04A5F /* Build configuration list for PBXNativeTarget "MovietasticUITests" */;
			buildPhases = (
				765B3BF72525A1AE00E04A5F /* Sources */,
				765B3BF82525A1AE00E04A5F /* Frameworks */,
				765B3BF92525A1AE00E04A5F /* Resources */,
			);
			buildRules = (
			);
			dependencies = (
				765B3BFD2525A1AE00E04A5F /* PBXTargetDependency */,
			);
			name = MovietasticUITests;
			productName = MovietasticUITests;
			productReference = 765B3BFB2525A1AE00E04A5F /* MovietasticUITests.xctest */;
			productType = "com.apple.product-type.bundle.ui-testing";
		};
/* End PBXNativeTarget section */

/* Begin PBXProject section */
		765B3BCF2525A1AC00E04A5F /* Project object */ = {
			isa = PBXProject;
			attributes = {
				LastSwiftUpdateCheck = 1200;
				LastUpgradeCheck = 1200;
				TargetAttributes = {
					765B3BD62525A1AC00E04A5F = {
						CreatedOnToolsVersion = 12.0.1;
					};
					765B3BEF2525A1AE00E04A5F = {
						CreatedOnToolsVersion = 12.0.1;
						TestTargetID = 765B3BD62525A1AC00E04A5F;
					};
					765B3BFA2525A1AE00E04A5F = {
						CreatedOnToolsVersion = 12.0.1;
						TestTargetID = 765B3BD62525A1AC00E04A5F;
					};
				};
			};
			buildConfigurationList = 765B3BD22525A1AC00E04A5F /* Build configuration list for PBXProject "Movietastic" */;
			compatibilityVersion = "Xcode 9.3";
			developmentRegion = en;
			hasScannedForEncodings = 0;
			knownRegions = (
				en,
				Base,
			);
			mainGroup = 765B3BCE2525A1AC00E04A5F;
			productRefGroup = 765B3BD82525A1AC00E04A5F /* Products */;
			projectDirPath = "";
			projectRoot = "";
			targets = (
				765B3BD62525A1AC00E04A5F /* Movietastic */,
				765B3BEF2525A1AE00E04A5F /* MovietasticTests */,
				765B3BFA2525A1AE00E04A5F /* MovietasticUITests */,
			);
		};
/* End PBXProject section */

/* Begin PBXResourcesBuildPhase section */
		765B3BD52525A1AC00E04A5F /* Resources */ = {
			isa = PBXResourcesBuildPhase;
			buildActionMask = 2147483647;
			files = (
				765B3BEA2525A1AE00E04A5F /* LaunchScreen.storyboard in Resources */,
				765B3BE72525A1AE00E04A5F /* Assets.xcassets in Resources */,
				765B3BE22525A1AC00E04A5F /* Main.storyboard in Resources */,
			);
			runOnlyForDeploymentPostprocessing = 0;
		};
		765B3BEE2525A1AE00E04A5F /* Resources */ = {
			isa = PBXResourcesBuildPhase;
			buildActionMask = 2147483647;
			files = (
			);
			runOnlyForDeploymentPostprocessing = 0;
		};
		765B3BF92525A1AE00E04A5F /* Resources */ = {
			isa = PBXResourcesBuildPhase;
			buildActionMask = 2147483647;
			files = (
			);
			runOnlyForDeploymentPostprocessing = 0;
		};
/* End PBXResourcesBuildPhase section */

/* Begin PBXSourcesBuildPhase section */
		765B3BD32525A1AC00E04A5F /* Sources */ = {
			isa = PBXSourcesBuildPhase;
			buildActionMask = 2147483647;
			files = (
				765B3BE52525A1AC00E04A5F /* Movietastic.xcdatamodeld in Sources */,
				765B3BDF2525A1AC00E04A5F /* ViewController.swift in Sources */,
				765B3BDB2525A1AC00E04A5F /* AppDelegate.swift in Sources */,
				765B3BDD2525A1AC00E04A5F /* SceneDelegate.swift in Sources */,
			);
			runOnlyForDeploymentPostprocessing = 0;
		};
		765B3BEC2525A1AE00E04A5F /* Sources */ = {
			isa = PBXSourcesBuildPhase;
			buildActionMask = 2147483647;
			files = (
				765B3BF52525A1AE00E04A5F /* MovietasticTests.swift in Sources */,
			);
			runOnlyForDeploymentPostprocessing = 0;
		};
		765B3BF72525A1AE00E04A5F /* Sources */ = {
			isa = PBXSourcesBuildPhase;
			buildActionMask = 2147483647;
			files = (
				765B3C002525A1AE00E04A5F /* MovietasticUITests.swift in Sources */,
			);
			runOnlyForDeploymentPostprocessing = 0;
		};
/* End PBXSourcesBuildPhase section */

/* Begin PBXTargetDependency section */
		765B3BF22525A1AE00E04A5F /* PBXTargetDependency */ = {
			isa = PBXTargetDependency;
			target = 765B3BD62525A1AC00E04A5F /* Movietastic */;
			targetProxy = 765B3BF12525A1AE00E04A5F /* PBXContainerItemProxy */;
		};
		765B3BFD2525A1AE00E04A5F /* PBXTargetDependency */ = {
			isa = PBXTargetDependency;
			target = 765B3BD62525A1AC00E04A5F /* Movietastic */;
			targetProxy = 765B3BFC2525A1AE00E04A5F /* PBXContainerItemProxy */;
		};
/* End PBXTargetDependency section */

/* Begin PBXVariantGroup section */
		765B3BE02525A1AC00E04A5F /* Main.storyboard */ = {
			isa = PBXVariantGroup;
			children = (
				765B3BE12525A1AC00E04A5F /* Base */,
			);
			name = Main.storyboard;
			sourceTree = "<group>";
		};
		765B3BE82525A1AE00E04A5F /* LaunchScreen.storyboard */ = {
			isa = PBXVariantGroup;
			children = (
				765B3BE92525A1AE00E04A5F /* Base */,
			);
			name = LaunchScreen.storyboard;
			sourceTree = "<group>";
		};
/* End PBXVariantGroup section */

/* Begin XCBuildConfiguration section */
		765B3C022525A1AE00E04A5F /* Debug */ = {
			isa = XCBuildConfiguration;
			buildSettings = {
				ALWAYS_SEARCH_USER_PATHS = NO;
				CLANG_ANALYZER_NONNULL = YES;
				CLANG_ANALYZER_NUMBER_OBJECT_CONVERSION = YES_AGGRESSIVE;
				CLANG_CXX_LANGUAGE_STANDARD = "gnu++14";
				CLANG_CXX_LIBRARY = "libc++";
				CLANG_ENABLE_MODULES = YES;
				CLANG_ENABLE_OBJC_ARC = YES;
				CLANG_ENABLE_OBJC_WEAK = YES;
				CLANG_WARN_BLOCK_CAPTURE_AUTORELEASING = YES;
				CLANG_WARN_BOOL_CONVERSION = YES;
				CLANG_WARN_COMMA = YES;
				CLANG_WARN_CONSTANT_CONVERSION = YES;
				CLANG_WARN_DEPRECATED_OBJC_IMPLEMENTATIONS = YES;
				CLANG_WARN_DIRECT_OBJC_ISA_USAGE = YES_ERROR;
				CLANG_WARN_DOCUMENTATION_COMMENTS = YES;
				CLANG_WARN_EMPTY_BODY = YES;
				CLANG_WARN_ENUM_CONVERSION = YES;
				CLANG_WARN_INFINITE_RECURSION = YES;
				CLANG_WARN_INT_CONVERSION = YES;
				CLANG_WARN_NON_LITERAL_NULL_CONVERSION = YES;
				CLANG_WARN_OBJC_IMPLICIT_RETAIN_SELF = YES;
				CLANG_WARN_OBJC_LITERAL_CONVERSION = YES;
				CLANG_WARN_OBJC_ROOT_CLASS = YES_ERROR;
				CLANG_WARN_QUOTED_INCLUDE_IN_FRAMEWORK_HEADER = YES;
				CLANG_WARN_RANGE_LOOP_ANALYSIS = YES;
				CLANG_WARN_STRICT_PROTOTYPES = YES;
				CLANG_WARN_SUSPICIOUS_MOVE = YES;
				CLANG_WARN_UNGUARDED_AVAILABILITY = YES_AGGRESSIVE;
				CLANG_WARN_UNREACHABLE_CODE = YES;
				CLANG_WARN__DUPLICATE_METHOD_MATCH = YES;
				COPY_PHASE_STRIP = NO;
				DEBUG_INFORMATION_FORMAT = dwarf;
				ENABLE_STRICT_OBJC_MSGSEND = YES;
				ENABLE_TESTABILITY = YES;
				GCC_C_LANGUAGE_STANDARD = gnu11;
				GCC_DYNAMIC_NO_PIC = NO;
				GCC_NO_COMMON_BLOCKS = YES;
				GCC_OPTIMIZATION_LEVEL = 0;
				GCC_PREPROCESSOR_DEFINITIONS = (
					"DEBUG=1",
					"$(inherited)",
				);
				GCC_WARN_64_TO_32_BIT_CONVERSION = YES;
				GCC_WARN_ABOUT_RETURN_TYPE = YES_ERROR;
				GCC_WARN_UNDECLARED_SELECTOR = YES;
				GCC_WARN_UNINITIALIZED_AUTOS = YES_AGGRESSIVE;
				GCC_WARN_UNUSED_FUNCTION = YES;
				GCC_WARN_UNUSED_VARIABLE = YES;
				IPHONEOS_DEPLOYMENT_TARGET = 14.0;
				MTL_ENABLE_DEBUG_INFO = INCLUDE_SOURCE;
				MTL_FAST_MATH = YES;
				ONLY_ACTIVE_ARCH = YES;
				SDKROOT = iphoneos;
				SWIFT_ACTIVE_COMPILATION_CONDITIONS = DEBUG;
				SWIFT_OPTIMIZATION_LEVEL = "-Onone";
			};
			name = Debug;
		};
		765B3C032525A1AE00E04A5F /* Release */ = {
			isa = XCBuildConfiguration;
			buildSettings = {
				ALWAYS_SEARCH_USER_PATHS = NO;
				CLANG_ANALYZER_NONNULL = YES;
				CLANG_ANALYZER_NUMBER_OBJECT_CONVERSION = YES_AGGRESSIVE;
				CLANG_CXX_LANGUAGE_STANDARD = "gnu++14";
				CLANG_CXX_LIBRARY = "libc++";
				CLANG_ENABLE_MODULES = YES;
				CLANG_ENABLE_OBJC_ARC = YES;
				CLANG_ENABLE_OBJC_WEAK = YES;
				CLANG_WARN_BLOCK_CAPTURE_AUTORELEASING = YES;
				CLANG_WARN_BOOL_CONVERSION = YES;
				CLANG_WARN_COMMA = YES;
				CLANG_WARN_CONSTANT_CONVERSION = YES;
				CLANG_WARN_DEPRECATED_OBJC_IMPLEMENTATIONS = YES;
				CLANG_WARN_DIRECT_OBJC_ISA_USAGE = YES_ERROR;
				CLANG_WARN_DOCUMENTATION_COMMENTS = YES;
				CLANG_WARN_EMPTY_BODY = YES;
				CLANG_WARN_ENUM_CONVERSION = YES;
				CLANG_WARN_INFINITE_RECURSION = YES;
				CLANG_WARN_INT_CONVERSION = YES;
				CLANG_WARN_NON_LITERAL_NULL_CONVERSION = YES;
				CLANG_WARN_OBJC_IMPLICIT_RETAIN_SELF = YES;
				CLANG_WARN_OBJC_LITERAL_CONVERSION = YES;
				CLANG_WARN_OBJC_ROOT_CLASS = YES_ERROR;
				CLANG_WARN_QUOTED_INCLUDE_IN_FRAMEWORK_HEADER = YES;
				CLANG_WARN_RANGE_LOOP_ANALYSIS = YES;
				CLANG_WARN_STRICT_PROTOTYPES = YES;
				CLANG_WARN_SUSPICIOUS_MOVE = YES;
				CLANG_WARN_UNGUARDED_AVAILABILITY = YES_AGGRESSIVE;
				CLANG_WARN_UNREACHABLE_CODE = YES;
				CLANG_WARN__DUPLICATE_METHOD_MATCH = YES;
				COPY_PHASE_STRIP = NO;
				DEBUG_INFORMATION_FORMAT = "dwarf-with-dsym";
				ENABLE_NS_ASSERTIONS = NO;
				ENABLE_STRICT_OBJC_MSGSEND = YES;
				GCC_C_LANGUAGE_STANDARD = gnu11;
				GCC_NO_COMMON_BLOCKS = YES;
				GCC_WARN_64_TO_32_BIT_CONVERSION = YES;
				GCC_WARN_ABOUT_RETURN_TYPE = YES_ERROR;
				GCC_WARN_UNDECLARED_SELECTOR = YES;
				GCC_WARN_UNINITIALIZED_AUTOS = YES_AGGRESSIVE;
				GCC_WARN_UNUSED_FUNCTION = YES;
				GCC_WARN_UNUSED_VARIABLE = YES;
				IPHONEOS_DEPLOYMENT_TARGET = 14.0;
				MTL_ENABLE_DEBUG_INFO = NO;
				MTL_FAST_MATH = YES;
				SDKROOT = iphoneos;
				SWIFT_COMPILATION_MODE = wholemodule;
				SWIFT_OPTIMIZATION_LEVEL = "-O";
				VALIDATE_PRODUCT = YES;
			};
			name = Release;
		};
		765B3C052525A1AE00E04A5F /* Debug */ = {
			isa = XCBuildConfiguration;
			buildSettings = {
				ASSETCATALOG_COMPILER_APPICON_NAME = AppIcon;
				ASSETCATALOG_COMPILER_GLOBAL_ACCENT_COLOR_NAME = AccentColor;
				CODE_SIGN_STYLE = Automatic;
				INFOPLIST_FILE = Movietastic/Info.plist;
				LD_RUNPATH_SEARCH_PATHS = (
					"$(inherited)",
					"@executable_path/Frameworks",
				);
				PRODUCT_BUNDLE_IDENTIFIER = com.osamaazmatkhan.Movietastic;
				PRODUCT_NAME = "$(TARGET_NAME)";
				SWIFT_VERSION = 5.0;
				TARGETED_DEVICE_FAMILY = "1,2";
			};
			name = Debug;
		};
		765B3C062525A1AE00E04A5F /* Release */ = {
			isa = XCBuildConfiguration;
			buildSettings = {
				ASSETCATALOG_COMPILER_APPICON_NAME = AppIcon;
				ASSETCATALOG_COMPILER_GLOBAL_ACCENT_COLOR_NAME = AccentColor;
				CODE_SIGN_STYLE = Automatic;
				INFOPLIST_FILE = Movietastic/Info.plist;
				LD_RUNPATH_SEARCH_PATHS = (
					"$(inherited)",
					"@executable_path/Frameworks",
				);
				PRODUCT_BUNDLE_IDENTIFIER = com.osamaazmatkhan.Movietastic;
				PRODUCT_NAME = "$(TARGET_NAME)";
				SWIFT_VERSION = 5.0;
				TARGETED_DEVICE_FAMILY = "1,2";
			};
			name = Release;
		};
		765B3C082525A1AE00E04A5F /* Debug */ = {
			isa = XCBuildConfiguration;
			buildSettings = {
				ALWAYS_EMBED_SWIFT_STANDARD_LIBRARIES = YES;
				BUNDLE_LOADER = "$(TEST_HOST)";
				CODE_SIGN_STYLE = Automatic;
				INFOPLIST_FILE = MovietasticTests/Info.plist;
				IPHONEOS_DEPLOYMENT_TARGET = 14.0;
				LD_RUNPATH_SEARCH_PATHS = (
					"$(inherited)",
					"@executable_path/Frameworks",
					"@loader_path/Frameworks",
				);
				PRODUCT_BUNDLE_IDENTIFIER = com.osamaazmatkhan.MovietasticTests;
				PRODUCT_NAME = "$(TARGET_NAME)";
				SWIFT_VERSION = 5.0;
				TARGETED_DEVICE_FAMILY = "1,2";
				TEST_HOST = "$(BUILT_PRODUCTS_DIR)/Movietastic.app/Movietastic";
			};
			name = Debug;
		};
		765B3C092525A1AE00E04A5F /* Release */ = {
			isa = XCBuildConfiguration;
			buildSettings = {
				ALWAYS_EMBED_SWIFT_STANDARD_LIBRARIES = YES;
				BUNDLE_LOADER = "$(TEST_HOST)";
				CODE_SIGN_STYLE = Automatic;
				INFOPLIST_FILE = MovietasticTests/Info.plist;
				IPHONEOS_DEPLOYMENT_TARGET = 14.0;
				LD_RUNPATH_SEARCH_PATHS = (
					"$(inherited)",
					"@executable_path/Frameworks",
					"@loader_path/Frameworks",
				);
				PRODUCT_BUNDLE_IDENTIFIER = com.osamaazmatkhan.MovietasticTests;
				PRODUCT_NAME = "$(TARGET_NAME)";
				SWIFT_VERSION = 5.0;
				TARGETED_DEVICE_FAMILY = "1,2";
				TEST_HOST = "$(BUILT_PRODUCTS_DIR)/Movietastic.app/Movietastic";
			};
			name = Release;
		};
		765B3C0B2525A1AE00E04A5F /* Debug */ = {
			isa = XCBuildConfiguration;
			buildSettings = {
				ALWAYS_EMBED_SWIFT_STANDARD_LIBRARIES = YES;
				CODE_SIGN_STYLE = Automatic;
				INFOPLIST_FILE = MovietasticUITests/Info.plist;
				LD_RUNPATH_SEARCH_PATHS = (
					"$(inherited)",
					"@executable_path/Frameworks",
					"@loader_path/Frameworks",
				);
				PRODUCT_BUNDLE_IDENTIFIER = com.osamaazmatkhan.MovietasticUITests;
				PRODUCT_NAME = "$(TARGET_NAME)";
				SWIFT_VERSION = 5.0;
				TARGETED_DEVICE_FAMILY = "1,2";
				TEST_TARGET_NAME = Movietastic;
			};
			name = Debug;
		};
		765B3C0C2525A1AE00E04A5F /* Release */ = {
			isa = XCBuildConfiguration;
			buildSettings = {
				ALWAYS_EMBED_SWIFT_STANDARD_LIBRARIES = YES;
				CODE_SIGN_STYLE = Automatic;
				INFOPLIST_FILE = MovietasticUITests/Info.plist;
				LD_RUNPATH_SEARCH_PATHS = (
					"$(inherited)",
					"@executable_path/Frameworks",
					"@loader_path/Frameworks",
				);
				PRODUCT_BUNDLE_IDENTIFIER = com.osamaazmatkhan.MovietasticUITests;
				PRODUCT_NAME = "$(TARGET_NAME)";
				SWIFT_VERSION = 5.0;
				TARGETED_DEVICE_FAMILY = "1,2";
				TEST_TARGET_NAME = Movietastic;
			};
			name = Release;
		};
/* End XCBuildConfiguration section */

/* Begin XCConfigurationList section */
		765B3BD22525A1AC00E04A5F /* Build configuration list for PBXProject "Movietastic" */ = {
			isa = XCConfigurationList;
			buildConfigurations = (
				765B3C022525A1AE00E04A5F /* Debug */,
				765B3C032525A1AE00E04A5F /* Release */,
			);
			defaultConfigurationIsVisible = 0;
			defaultConfigurationName = Release;
		};
		765B3C042525A1AE00E04A5F /* Build configuration list for PBXNativeTarget "Movietastic" */ = {
			isa = XCConfigurationList;
			buildConfigurations = (
				765B3C052525A1AE00E04A5F /* Debug */,
				765B3C062525A1AE00E04A5F /* Release */,
			);
			defaultConfigurationIsVisible = 0;
			defaultConfigurationName = Release;
		};
		765B3C072525A1AE00E04A5F /* Build configuration list for PBXNativeTarget "MovietasticTests" */ = {
			isa = XCConfigurationList;
			buildConfigurations = (
				765B3C082525A1AE00E04A5F /* Debug */,
				765B3C092525A1AE00E04A5F /* Release */,
			);
			defaultConfigurationIsVisible = 0;
			defaultConfigurationName = Release;
		};
		765B3C0A2525A1AE00E04A5F /* Build configuration list for PBXNativeTarget "MovietasticUITests" */ = {
			isa = XCConfigurationList;
			buildConfigurations = (
				765B3C0B2525A1AE00E04A5F /* Debug */,
				765B3C0C2525A1AE00E04A5F /* Release */,
			);
			defaultConfigurationIsVisible = 0;
			defaultConfigurationName = Release;
		};
/* End XCConfigurationList section */

/* Begin XCVersionGroup section */
		765B3BE32525A1AC00E04A5F /* Movietastic.xcdatamodeld */ = {
			isa = XCVersionGroup;
			children = (
				765B3BE42525A1AC00E04A5F /* Movietastic.xcdatamodel */,
			);
			currentVersion = 765B3BE42525A1AC00E04A5F /* Movietastic.xcdatamodel */;
			path = Movietastic.xcdatamodeld;
			sourceTree = "<group>";
			versionGroupType = wrapper.xcdatamodel;
		};
/* End XCVersionGroup section */
	};
	rootObject = 765B3BCF2525A1AC00E04A5F /* Project object */;
}
